// !$*UTF8*$!
{
	archiveVersion = 1;
	classes = {
	};
	objectVersion = 46;
	objects = {

/* Begin PBXBuildFile section */
		047A9FE71DE6B91F003C2167 /* main.m in Sources */ = {isa = PBXBuildFile; fileRef = 047A9FE61DE6B91F003C2167 /* main.m */; };
		047A9FEA1DE6B91F003C2167 /* AppDelegate.m in Sources */ = {isa = PBXBuildFile; fileRef = 047A9FE91DE6B91F003C2167 /* AppDelegate.m */; };
		047A9FED1DE6B91F003C2167 /* ViewController.m in Sources */ = {isa = PBXBuildFile; fileRef = 047A9FEC1DE6B91F003C2167 /* ViewController.m */; };
		047A9FF01DE6B91F003C2167 /* Main.storyboard in Resources */ = {isa = PBXBuildFile; fileRef = 047A9FEE1DE6B91F003C2167 /* Main.storyboard */; };
		047A9FF21DE6B91F003C2167 /* Assets.xcassets in Resources */ = {isa = PBXBuildFile; fileRef = 047A9FF11DE6B91F003C2167 /* Assets.xcassets */; };
		047A9FF51DE6B91F003C2167 /* LaunchScreen.storyboard in Resources */ = {isa = PBXBuildFile; fileRef = 047A9FF31DE6B91F003C2167 /* LaunchScreen.storyboard */; };
		047AA0001DE6B91F003C2167 /* JFRscrollLblTests.m in Sources */ = {isa = PBXBuildFile; fileRef = 047A9FFF1DE6B91F003C2167 /* JFRscrollLblTests.m */; };
		047AA00B1DE6B91F003C2167 /* JFRscrollLblUITests.m in Sources */ = {isa = PBXBuildFile; fileRef = 047AA00A1DE6B91F003C2167 /* JFRscrollLblUITests.m */; };
		047AA01A1DE6B934003C2167 /* ScrollView.m in Sources */ = {isa = PBXBuildFile; fileRef = 047AA0191DE6B934003C2167 /* ScrollView.m */; };
		047AA0361DE6B976003C2167 /* Info.plist in Resources */ = {isa = PBXBuildFile; fileRef = 047AA01C1DE6B976003C2167 /* Info.plist */; };
		047AA0371DE6B976003C2167 /* MASCompositeConstraint.m in Sources */ = {isa = PBXBuildFile; fileRef = 047AA01E1DE6B976003C2167 /* MASCompositeConstraint.m */; };
		047AA0381DE6B976003C2167 /* MASConstraint.m in Sources */ = {isa = PBXBuildFile; fileRef = 047AA0211DE6B976003C2167 /* MASConstraint.m */; };
		047AA0391DE6B976003C2167 /* MASConstraintMaker.m in Sources */ = {isa = PBXBuildFile; fileRef = 047AA0231DE6B976003C2167 /* MASConstraintMaker.m */; };
		047AA03A1DE6B976003C2167 /* MASLayoutConstraint.m in Sources */ = {isa = PBXBuildFile; fileRef = 047AA0251DE6B976003C2167 /* MASLayoutConstraint.m */; };
		047AA03B1DE6B976003C2167 /* MASViewAttribute.m in Sources */ = {isa = PBXBuildFile; fileRef = 047AA0291DE6B976003C2167 /* MASViewAttribute.m */; };
		047AA03C1DE6B976003C2167 /* MASViewConstraint.m in Sources */ = {isa = PBXBuildFile; fileRef = 047AA02B1DE6B976003C2167 /* MASViewConstraint.m */; };
		047AA03D1DE6B976003C2167 /* NSArray+MASAdditions.m in Sources */ = {isa = PBXBuildFile; fileRef = 047AA02D1DE6B976003C2167 /* NSArray+MASAdditions.m */; };
		047AA03E1DE6B976003C2167 /* NSLayoutConstraint+MASDebugAdditions.m in Sources */ = {isa = PBXBuildFile; fileRef = 047AA0301DE6B976003C2167 /* NSLayoutConstraint+MASDebugAdditions.m */; };
		047AA03F1DE6B976003C2167 /* View+MASAdditions.m in Sources */ = {isa = PBXBuildFile; fileRef = 047AA0321DE6B976003C2167 /* View+MASAdditions.m */; };
		047AA0401DE6B976003C2167 /* ViewController+MASAdditions.m in Sources */ = {isa = PBXBuildFile; fileRef = 047AA0351DE6B976003C2167 /* ViewController+MASAdditions.m */; };
		047AA0861DE6C146003C2167 /* AFHTTPRequestOperation.m in Sources */ = {isa = PBXBuildFile; fileRef = 047AA06F1DE6C146003C2167 /* AFHTTPRequestOperation.m */; };
		047AA0871DE6C146003C2167 /* AFHTTPRequestOperationManager.m in Sources */ = {isa = PBXBuildFile; fileRef = 047AA0711DE6C146003C2167 /* AFHTTPRequestOperationManager.m */; };
		047AA0881DE6C146003C2167 /* AFHTTPSessionManager.m in Sources */ = {isa = PBXBuildFile; fileRef = 047AA0731DE6C146003C2167 /* AFHTTPSessionManager.m */; };
		047AA0891DE6C146003C2167 /* AFNetworkReachabilityManager.m in Sources */ = {isa = PBXBuildFile; fileRef = 047AA0761DE6C146003C2167 /* AFNetworkReachabilityManager.m */; };
		047AA08A1DE6C146003C2167 /* AFSecurityPolicy.m in Sources */ = {isa = PBXBuildFile; fileRef = 047AA0781DE6C146003C2167 /* AFSecurityPolicy.m */; };
		047AA08B1DE6C146003C2167 /* AFURLConnectionOperation.m in Sources */ = {isa = PBXBuildFile; fileRef = 047AA07A1DE6C146003C2167 /* AFURLConnectionOperation.m */; };
		047AA08C1DE6C146003C2167 /* AFURLRequestSerialization.m in Sources */ = {isa = PBXBuildFile; fileRef = 047AA07C1DE6C146003C2167 /* AFURLRequestSerialization.m */; };
		047AA08D1DE6C146003C2167 /* AFURLResponseSerialization.m in Sources */ = {isa = PBXBuildFile; fileRef = 047AA07E1DE6C146003C2167 /* AFURLResponseSerialization.m */; };
		047AA08E1DE6C146003C2167 /* AFURLSessionManager.m in Sources */ = {isa = PBXBuildFile; fileRef = 047AA0801DE6C146003C2167 /* AFURLSessionManager.m */; };
		047AA08F1DE6C146003C2167 /* KLInterfaceManager.m in Sources */ = {isa = PBXBuildFile; fileRef = 047AA0821DE6C146003C2167 /* KLInterfaceManager.m */; };
		047AA0901DE6C146003C2167 /* NetworkSingleton.m in Sources */ = {isa = PBXBuildFile; fileRef = 047AA0851DE6C146003C2167 /* NetworkSingleton.m */; };
		047AA0921DE6C35A003C2167 /* VIP.png in Resources */ = {isa = PBXBuildFile; fileRef = 047AA0911DE6C35A003C2167 /* VIP.png */; };
/* End PBXBuildFile section */

/* Begin PBXContainerItemProxy section */
		047A9FFC1DE6B91F003C2167 /* PBXContainerItemProxy */ = {
			isa = PBXContainerItemProxy;
			containerPortal = 047A9FDA1DE6B91F003C2167 /* Project object */;
			proxyType = 1;
			remoteGlobalIDString = 047A9FE11DE6B91F003C2167;
			remoteInfo = JFRscrollLbl;
		};
		047AA0071DE6B91F003C2167 /* PBXContainerItemProxy */ = {
			isa = PBXContainerItemProxy;
			containerPortal = 047A9FDA1DE6B91F003C2167 /* Project object */;
			proxyType = 1;
			remoteGlobalIDString = 047A9FE11DE6B91F003C2167;
			remoteInfo = JFRscrollLbl;
		};
/* End PBXContainerItemProxy section */

/* Begin PBXFileReference section */
		047A9FE21DE6B91F003C2167 /* JFRscrollLbl.app */ = {isa = PBXFileReference; explicitFileType = wrapper.application; includeInIndex = 0; path = JFRscrollLbl.app; sourceTree = BUILT_PRODUCTS_DIR; };
		047A9FE61DE6B91F003C2167 /* main.m */ = {isa = PBXFileReference; lastKnownFileType = sourcecode.c.objc; path = main.m; sourceTree = "<group>"; };
		047A9FE81DE6B91F003C2167 /* AppDelegate.h */ = {isa = PBXFileReference; lastKnownFileType = sourcecode.c.h; path = AppDelegate.h; sourceTree = "<group>"; };
		047A9FE91DE6B91F003C2167 /* AppDelegate.m */ = {isa = PBXFileReference; lastKnownFileType = sourcecode.c.objc; path = AppDelegate.m; sourceTree = "<group>"; };
		047A9FEB1DE6B91F003C2167 /* ViewController.h */ = {isa = PBXFileReference; lastKnownFileType = sourcecode.c.h; path = ViewController.h; sourceTree = "<group>"; };
		047A9FEC1DE6B91F003C2167 /* ViewController.m */ = {isa = PBXFileReference; lastKnownFileType = sourcecode.c.objc; path = ViewController.m; sourceTree = "<group>"; };
		047A9FEF1DE6B91F003C2167 /* Base */ = {isa = PBXFileReference; lastKnownFileType = file.storyboard; name = Base; path = Base.lproj/Main.storyboard; sourceTree = "<group>"; };
		047A9FF11DE6B91F003C2167 /* Assets.xcassets */ = {isa = PBXFileReference; lastKnownFileType = folder.assetcatalog; path = Assets.xcassets; sourceTree = "<group>"; };
		047A9FF41DE6B91F003C2167 /* Base */ = {isa = PBXFileReference; lastKnownFileType = file.storyboard; name = Base; path = Base.lproj/LaunchScreen.storyboard; sourceTree = "<group>"; };
		047A9FF61DE6B91F003C2167 /* Info.plist */ = {isa = PBXFileReference; lastKnownFileType = text.plist.xml; path = Info.plist; sourceTree = "<group>"; };
		047A9FFB1DE6B91F003C2167 /* JFRscrollLblTests.xctest */ = {isa = PBXFileReference; explicitFileType = wrapper.cfbundle; includeInIndex = 0; path = JFRscrollLblTests.xctest; sourceTree = BUILT_PRODUCTS_DIR; };
		047A9FFF1DE6B91F003C2167 /* JFRscrollLblTests.m */ = {isa = PBXFileReference; lastKnownFileType = sourcecode.c.objc; path = JFRscrollLblTests.m; sourceTree = "<group>"; };
		047AA0011DE6B91F003C2167 /* Info.plist */ = {isa = PBXFileReference; lastKnownFileType = text.plist.xml; path = Info.plist; sourceTree = "<group>"; };
		047AA0061DE6B91F003C2167 /* JFRscrollLblUITests.xctest */ = {isa = PBXFileReference; explicitFileType = wrapper.cfbundle; includeInIndex = 0; path = JFRscrollLblUITests.xctest; sourceTree = BUILT_PRODUCTS_DIR; };
		047AA00A1DE6B91F003C2167 /* JFRscrollLblUITests.m */ = {isa = PBXFileReference; lastKnownFileType = sourcecode.c.objc; path = JFRscrollLblUITests.m; sourceTree = "<group>"; };
		047AA00C1DE6B91F003C2167 /* Info.plist */ = {isa = PBXFileReference; lastKnownFileType = text.plist.xml; path = Info.plist; sourceTree = "<group>"; };
		047AA0181DE6B934003C2167 /* ScrollView.h */ = {isa = PBXFileReference; fileEncoding = 4; lastKnownFileType = sourcecode.c.h; path = ScrollView.h; sourceTree = "<group>"; };
		047AA0191DE6B934003C2167 /* ScrollView.m */ = {isa = PBXFileReference; fileEncoding = 4; lastKnownFileType = sourcecode.c.objc; path = ScrollView.m; sourceTree = "<group>"; };
		047AA01C1DE6B976003C2167 /* Info.plist */ = {isa = PBXFileReference; fileEncoding = 4; lastKnownFileType = text.plist.xml; path = Info.plist; sourceTree = "<group>"; };
		047AA01D1DE6B976003C2167 /* MASCompositeConstraint.h */ = {isa = PBXFileReference; fileEncoding = 4; lastKnownFileType = sourcecode.c.h; path = MASCompositeConstraint.h; sourceTree = "<group>"; };
		047AA01E1DE6B976003C2167 /* MASCompositeConstraint.m */ = {isa = PBXFileReference; fileEncoding = 4; lastKnownFileType = sourcecode.c.objc; path = MASCompositeConstraint.m; sourceTree = "<group>"; };
		047AA01F1DE6B976003C2167 /* MASConstraint+Private.h */ = {isa = PBXFileReference; fileEncoding = 4; lastKnownFileType = sourcecode.c.h; path = "MASConstraint+Private.h"; sourceTree = "<group>"; };
		047AA0201DE6B976003C2167 /* MASConstraint.h */ = {isa = PBXFileReference; fileEncoding = 4; lastKnownFileType = sourcecode.c.h; path = MASConstraint.h; sourceTree = "<group>"; };
		047AA0211DE6B976003C2167 /* MASConstraint.m */ = {isa = PBXFileReference; fileEncoding = 4; lastKnownFileType = sourcecode.c.objc; path = MASConstraint.m; sourceTree = "<group>"; };
		047AA0221DE6B976003C2167 /* MASConstraintMaker.h */ = {isa = PBXFileReference; fileEncoding = 4; lastKnownFileType = sourcecode.c.h; path = MASConstraintMaker.h; sourceTree = "<group>"; };
		047AA0231DE6B976003C2167 /* MASConstraintMaker.m */ = {isa = PBXFileReference; fileEncoding = 4; lastKnownFileType = sourcecode.c.objc; path = MASConstraintMaker.m; sourceTree = "<group>"; };
		047AA0241DE6B976003C2167 /* MASLayoutConstraint.h */ = {isa = PBXFileReference; fileEncoding = 4; lastKnownFileType = sourcecode.c.h; path = MASLayoutConstraint.h; sourceTree = "<group>"; };
		047AA0251DE6B976003C2167 /* MASLayoutConstraint.m */ = {isa = PBXFileReference; fileEncoding = 4; lastKnownFileType = sourcecode.c.objc; path = MASLayoutConstraint.m; sourceTree = "<group>"; };
		047AA0261DE6B976003C2167 /* Masonry.h */ = {isa = PBXFileReference; fileEncoding = 4; lastKnownFileType = sourcecode.c.h; path = Masonry.h; sourceTree = "<group>"; };
		047AA0271DE6B976003C2167 /* MASUtilities.h */ = {isa = PBXFileReference; fileEncoding = 4; lastKnownFileType = sourcecode.c.h; path = MASUtilities.h; sourceTree = "<group>"; };
		047AA0281DE6B976003C2167 /* MASViewAttribute.h */ = {isa = PBXFileReference; fileEncoding = 4; lastKnownFileType = sourcecode.c.h; path = MASViewAttribute.h; sourceTree = "<group>"; };
		047AA0291DE6B976003C2167 /* MASViewAttribute.m */ = {isa = PBXFileReference; fileEncoding = 4; lastKnownFileType = sourcecode.c.objc; path = MASViewAttribute.m; sourceTree = "<group>"; };
		047AA02A1DE6B976003C2167 /* MASViewConstraint.h */ = {isa = PBXFileReference; fileEncoding = 4; lastKnownFileType = sourcecode.c.h; path = MASViewConstraint.h; sourceTree = "<group>"; };
		047AA02B1DE6B976003C2167 /* MASViewConstraint.m */ = {isa = PBXFileReference; fileEncoding = 4; lastKnownFileType = sourcecode.c.objc; path = MASViewConstraint.m; sourceTree = "<group>"; };
		047AA02C1DE6B976003C2167 /* NSArray+MASAdditions.h */ = {isa = PBXFileReference; fileEncoding = 4; lastKnownFileType = sourcecode.c.h; path = "NSArray+MASAdditions.h"; sourceTree = "<group>"; };
		047AA02D1DE6B976003C2167 /* NSArray+MASAdditions.m */ = {isa = PBXFileReference; fileEncoding = 4; lastKnownFileType = sourcecode.c.objc; path = "NSArray+MASAdditions.m"; sourceTree = "<group>"; };
		047AA02E1DE6B976003C2167 /* NSArray+MASShorthandAdditions.h */ = {isa = PBXFileReference; fileEncoding = 4; lastKnownFileType = sourcecode.c.h; path = "NSArray+MASShorthandAdditions.h"; sourceTree = "<group>"; };
		047AA02F1DE6B976003C2167 /* NSLayoutConstraint+MASDebugAdditions.h */ = {isa = PBXFileReference; fileEncoding = 4; lastKnownFileType = sourcecode.c.h; path = "NSLayoutConstraint+MASDebugAdditions.h"; sourceTree = "<group>"; };
		047AA0301DE6B976003C2167 /* NSLayoutConstraint+MASDebugAdditions.m */ = {isa = PBXFileReference; fileEncoding = 4; lastKnownFileType = sourcecode.c.objc; path = "NSLayoutConstraint+MASDebugAdditions.m"; sourceTree = "<group>"; };
		047AA0311DE6B976003C2167 /* View+MASAdditions.h */ = {isa = PBXFileReference; fileEncoding = 4; lastKnownFileType = sourcecode.c.h; path = "View+MASAdditions.h"; sourceTree = "<group>"; };
		047AA0321DE6B976003C2167 /* View+MASAdditions.m */ = {isa = PBXFileReference; fileEncoding = 4; lastKnownFileType = sourcecode.c.objc; path = "View+MASAdditions.m"; sourceTree = "<group>"; };
		047AA0331DE6B976003C2167 /* View+MASShorthandAdditions.h */ = {isa = PBXFileReference; fileEncoding = 4; lastKnownFileType = sourcecode.c.h; path = "View+MASShorthandAdditions.h"; sourceTree = "<group>"; };
		047AA0341DE6B976003C2167 /* ViewController+MASAdditions.h */ = {isa = PBXFileReference; fileEncoding = 4; lastKnownFileType = sourcecode.c.h; path = "ViewController+MASAdditions.h"; sourceTree = "<group>"; };
		047AA0351DE6B976003C2167 /* ViewController+MASAdditions.m */ = {isa = PBXFileReference; fileEncoding = 4; lastKnownFileType = sourcecode.c.objc; path = "ViewController+MASAdditions.m"; sourceTree = "<group>"; };
		047AA06E1DE6C146003C2167 /* AFHTTPRequestOperation.h */ = {isa = PBXFileReference; fileEncoding = 4; lastKnownFileType = sourcecode.c.h; path = AFHTTPRequestOperation.h; sourceTree = "<group>"; };
		047AA06F1DE6C146003C2167 /* AFHTTPRequestOperation.m */ = {isa = PBXFileReference; fileEncoding = 4; lastKnownFileType = sourcecode.c.objc; path = AFHTTPRequestOperation.m; sourceTree = "<group>"; };
		047AA0701DE6C146003C2167 /* AFHTTPRequestOperationManager.h */ = {isa = PBXFileReference; fileEncoding = 4; lastKnownFileType = sourcecode.c.h; path = AFHTTPRequestOperationManager.h; sourceTree = "<group>"; };
		047AA0711DE6C146003C2167 /* AFHTTPRequestOperationManager.m */ = {isa = PBXFileReference; fileEncoding = 4; lastKnownFileType = sourcecode.c.objc; path = AFHTTPRequestOperationManager.m; sourceTree = "<group>"; };
		047AA0721DE6C146003C2167 /* AFHTTPSessionManager.h */ = {isa = PBXFileReference; fileEncoding = 4; lastKnownFileType = sourcecode.c.h; path = AFHTTPSessionManager.h; sourceTree = "<group>"; };
		047AA0731DE6C146003C2167 /* AFHTTPSessionManager.m */ = {isa = PBXFileReference; fileEncoding = 4; lastKnownFileType = sourcecode.c.objc; path = AFHTTPSessionManager.m; sourceTree = "<group>"; };
		047AA0741DE6C146003C2167 /* AFNetworking.h */ = {isa = PBXFileReference; fileEncoding = 4; lastKnownFileType = sourcecode.c.h; path = AFNetworking.h; sourceTree = "<group>"; };
		047AA0751DE6C146003C2167 /* AFNetworkReachabilityManager.h */ = {isa = PBXFileReference; fileEncoding = 4; lastKnownFileType = sourcecode.c.h; path = AFNetworkReachabilityManager.h; sourceTree = "<group>"; };
		047AA0761DE6C146003C2167 /* AFNetworkReachabilityManager.m */ = {isa = PBXFileReference; fileEncoding = 4; lastKnownFileType = sourcecode.c.objc; path = AFNetworkReachabilityManager.m; sourceTree = "<group>"; };
		047AA0771DE6C146003C2167 /* AFSecurityPolicy.h */ = {isa = PBXFileReference; fileEncoding = 4; lastKnownFileType = sourcecode.c.h; path = AFSecurityPolicy.h; sourceTree = "<group>"; };
		047AA0781DE6C146003C2167 /* AFSecurityPolicy.m */ = {isa = PBXFileReference; fileEncoding = 4; lastKnownFileType = sourcecode.c.objc; path = AFSecurityPolicy.m; sourceTree = "<group>"; };
		047AA0791DE6C146003C2167 /* AFURLConnectionOperation.h */ = {isa = PBXFileReference; fileEncoding = 4; lastKnownFileType = sourcecode.c.h; path = AFURLConnectionOperation.h; sourceTree = "<group>"; };
		047AA07A1DE6C146003C2167 /* AFURLConnectionOperation.m */ = {isa = PBXFileReference; fileEncoding = 4; lastKnownFileType = sourcecode.c.objc; path = AFURLConnectionOperation.m; sourceTree = "<group>"; };
		047AA07B1DE6C146003C2167 /* AFURLRequestSerialization.h */ = {isa = PBXFileReference; fileEncoding = 4; lastKnownFileType = sourcecode.c.h; path = AFURLRequestSerialization.h; sourceTree = "<group>"; };
		047AA07C1DE6C146003C2167 /* AFURLRequestSerialization.m */ = {isa = PBXFileReference; fileEncoding = 4; lastKnownFileType = sourcecode.c.objc; path = AFURLRequestSerialization.m; sourceTree = "<group>"; };
		047AA07D1DE6C146003C2167 /* AFURLResponseSerialization.h */ = {isa = PBXFileReference; fileEncoding = 4; lastKnownFileType = sourcecode.c.h; path = AFURLResponseSerialization.h; sourceTree = "<group>"; };
		047AA07E1DE6C146003C2167 /* AFURLResponseSerialization.m */ = {isa = PBXFileReference; fileEncoding = 4; lastKnownFileType = sourcecode.c.objc; path = AFURLResponseSerialization.m; sourceTree = "<group>"; };
		047AA07F1DE6C146003C2167 /* AFURLSessionManager.h */ = {isa = PBXFileReference; fileEncoding = 4; lastKnownFileType = sourcecode.c.h; path = AFURLSessionManager.h; sourceTree = "<group>"; };
		047AA0801DE6C146003C2167 /* AFURLSessionManager.m */ = {isa = PBXFileReference; fileEncoding = 4; lastKnownFileType = sourcecode.c.objc; path = AFURLSessionManager.m; sourceTree = "<group>"; };
		047AA0811DE6C146003C2167 /* KLInterfaceManager.h */ = {isa = PBXFileReference; fileEncoding = 4; lastKnownFileType = sourcecode.c.h; path = KLInterfaceManager.h; sourceTree = "<group>"; };
		047AA0821DE6C146003C2167 /* KLInterfaceManager.m */ = {isa = PBXFileReference; fileEncoding = 4; lastKnownFileType = sourcecode.c.objc; path = KLInterfaceManager.m; sourceTree = "<group>"; };
		047AA0831DE6C146003C2167 /* KLNetUrlHeader.h */ = {isa = PBXFileReference; fileEncoding = 4; lastKnownFileType = sourcecode.c.h; path = KLNetUrlHeader.h; sourceTree = "<group>"; };
		047AA0841DE6C146003C2167 /* NetworkSingleton.h */ = {isa = PBXFileReference; fileEncoding = 4; lastKnownFileType = sourcecode.c.h; path = NetworkSingleton.h; sourceTree = "<group>"; };
		047AA0851DE6C146003C2167 /* NetworkSingleton.m */ = {isa = PBXFileReference; fileEncoding = 4; lastKnownFileType = sourcecode.c.objc; path = NetworkSingleton.m; sourceTree = "<group>"; };
		047AA0911DE6C35A003C2167 /* VIP.png */ = {isa = PBXFileReference; lastKnownFileType = image.png; path = VIP.png; sourceTree = "<group>"; };
/* End PBXFileReference section */

/* Begin PBXFrameworksBuildPhase section */
		047A9FDF1DE6B91F003C2167 /* Frameworks */ = {
			isa = PBXFrameworksBuildPhase;
			buildActionMask = 2147483647;
			files = (
			);
			runOnlyForDeploymentPostprocessing = 0;
		};
		047A9FF81DE6B91F003C2167 /* Frameworks */ = {
			isa = PBXFrameworksBuildPhase;
			buildActionMask = 2147483647;
			files = (
			);
			runOnlyForDeploymentPostprocessing = 0;
		};
		047AA0031DE6B91F003C2167 /* Frameworks */ = {
			isa = PBXFrameworksBuildPhase;
			buildActionMask = 2147483647;
			files = (
			);
			runOnlyForDeploymentPostprocessing = 0;
		};
/* End PBXFrameworksBuildPhase section */

/* Begin PBXGroup section */
		047A9FD91DE6B91F003C2167 = {
			isa = PBXGroup;
			children = (
				047A9FE41DE6B91F003C2167 /* JFRscrollLbl */,
				047A9FFE1DE6B91F003C2167 /* JFRscrollLblTests */,
				047AA0091DE6B91F003C2167 /* JFRscrollLblUITests */,
				047A9FE31DE6B91F003C2167 /* Products */,
			);
			sourceTree = "<group>";
		};
		047A9FE31DE6B91F003C2167 /* Products */ = {
			isa = PBXGroup;
			children = (
				047A9FE21DE6B91F003C2167 /* JFRscrollLbl.app */,
				047A9FFB1DE6B91F003C2167 /* JFRscrollLblTests.xctest */,
				047AA0061DE6B91F003C2167 /* JFRscrollLblUITests.xctest */,
			);
			name = Products;
			sourceTree = "<group>";
		};
		047A9FE41DE6B91F003C2167 /* JFRscrollLbl */ = {
			isa = PBXGroup;
			children = (
				047AA0911DE6C35A003C2167 /* VIP.png */,
				047AA0181DE6B934003C2167 /* ScrollView.h */,
				047AA0191DE6B934003C2167 /* ScrollView.m */,
				047A9FE81DE6B91F003C2167 /* AppDelegate.h */,
				047A9FE91DE6B91F003C2167 /* AppDelegate.m */,
				047A9FEB1DE6B91F003C2167 /* ViewController.h */,
				047A9FEC1DE6B91F003C2167 /* ViewController.m */,
				047A9FEE1DE6B91F003C2167 /* Main.storyboard */,
				047A9FF11DE6B91F003C2167 /* Assets.xcassets */,
				047A9FF31DE6B91F003C2167 /* LaunchScreen.storyboard */,
				047A9FF61DE6B91F003C2167 /* Info.plist */,
				047AA06C1DE6C146003C2167 /* afn */,
				047AA01B1DE6B976003C2167 /* Masonry */,
				047A9FE51DE6B91F003C2167 /* Supporting Files */,
			);
			path = JFRscrollLbl;
			sourceTree = "<group>";
		};
		047A9FE51DE6B91F003C2167 /* Supporting Files */ = {
			isa = PBXGroup;
			children = (
				047A9FE61DE6B91F003C2167 /* main.m */,
			);
			name = "Supporting Files";
			sourceTree = "<group>";
		};
		047A9FFE1DE6B91F003C2167 /* JFRscrollLblTests */ = {
			isa = PBXGroup;
			children = (
				047A9FFF1DE6B91F003C2167 /* JFRscrollLblTests.m */,
				047AA0011DE6B91F003C2167 /* Info.plist */,
			);
			path = JFRscrollLblTests;
			sourceTree = "<group>";
		};
		047AA0091DE6B91F003C2167 /* JFRscrollLblUITests */ = {
			isa = PBXGroup;
			children = (
				047AA00A1DE6B91F003C2167 /* JFRscrollLblUITests.m */,
				047AA00C1DE6B91F003C2167 /* Info.plist */,
			);
			path = JFRscrollLblUITests;
			sourceTree = "<group>";
		};
		047AA01B1DE6B976003C2167 /* Masonry */ = {
			isa = PBXGroup;
			children = (
				047AA01C1DE6B976003C2167 /* Info.plist */,
				047AA01D1DE6B976003C2167 /* MASCompositeConstraint.h */,
				047AA01E1DE6B976003C2167 /* MASCompositeConstraint.m */,
				047AA01F1DE6B976003C2167 /* MASConstraint+Private.h */,
				047AA0201DE6B976003C2167 /* MASConstraint.h */,
				047AA0211DE6B976003C2167 /* MASConstraint.m */,
				047AA0221DE6B976003C2167 /* MASConstraintMaker.h */,
				047AA0231DE6B976003C2167 /* MASConstraintMaker.m */,
				047AA0241DE6B976003C2167 /* MASLayoutConstraint.h */,
				047AA0251DE6B976003C2167 /* MASLayoutConstraint.m */,
				047AA0261DE6B976003C2167 /* Masonry.h */,
				047AA0271DE6B976003C2167 /* MASUtilities.h */,
				047AA0281DE6B976003C2167 /* MASViewAttribute.h */,
				047AA0291DE6B976003C2167 /* MASViewAttribute.m */,
				047AA02A1DE6B976003C2167 /* MASViewConstraint.h */,
				047AA02B1DE6B976003C2167 /* MASViewConstraint.m */,
				047AA02C1DE6B976003C2167 /* NSArray+MASAdditions.h */,
				047AA02D1DE6B976003C2167 /* NSArray+MASAdditions.m */,
				047AA02E1DE6B976003C2167 /* NSArray+MASShorthandAdditions.h */,
				047AA02F1DE6B976003C2167 /* NSLayoutConstraint+MASDebugAdditions.h */,
				047AA0301DE6B976003C2167 /* NSLayoutConstraint+MASDebugAdditions.m */,
				047AA0311DE6B976003C2167 /* View+MASAdditions.h */,
				047AA0321DE6B976003C2167 /* View+MASAdditions.m */,
				047AA0331DE6B976003C2167 /* View+MASShorthandAdditions.h */,
				047AA0341DE6B976003C2167 /* ViewController+MASAdditions.h */,
				047AA0351DE6B976003C2167 /* ViewController+MASAdditions.m */,
			);
			path = Masonry;
			sourceTree = "<group>";
		};
		047AA06C1DE6C146003C2167 /* afn */ = {
			isa = PBXGroup;
			children = (
				047AA06D1DE6C146003C2167 /* AFNetworking */,
				047AA0811DE6C146003C2167 /* KLInterfaceManager.h */,
				047AA0821DE6C146003C2167 /* KLInterfaceManager.m */,
				047AA0831DE6C146003C2167 /* KLNetUrlHeader.h */,
				047AA0841DE6C146003C2167 /* NetworkSingleton.h */,
				047AA0851DE6C146003C2167 /* NetworkSingleton.m */,
			);
			path = afn;
			sourceTree = "<group>";
		};
		047AA06D1DE6C146003C2167 /* AFNetworking */ = {
			isa = PBXGroup;
			children = (
				047AA06E1DE6C146003C2167 /* AFHTTPRequestOperation.h */,
				047AA06F1DE6C146003C2167 /* AFHTTPRequestOperation.m */,
				047AA0701DE6C146003C2167 /* AFHTTPRequestOperationManager.h */,
				047AA0711DE6C146003C2167 /* AFHTTPRequestOperationManager.m */,
				047AA0721DE6C146003C2167 /* AFHTTPSessionManager.h */,
				047AA0731DE6C146003C2167 /* AFHTTPSessionManager.m */,
				047AA0741DE6C146003C2167 /* AFNetworking.h */,
				047AA0751DE6C146003C2167 /* AFNetworkReachabilityManager.h */,
				047AA0761DE6C146003C2167 /* AFNetworkReachabilityManager.m */,
				047AA0771DE6C146003C2167 /* AFSecurityPolicy.h */,
				047AA0781DE6C146003C2167 /* AFSecurityPolicy.m */,
				047AA0791DE6C146003C2167 /* AFURLConnectionOperation.h */,
				047AA07A1DE6C146003C2167 /* AFURLConnectionOperation.m */,
				047AA07B1DE6C146003C2167 /* AFURLRequestSerialization.h */,
				047AA07C1DE6C146003C2167 /* AFURLRequestSerialization.m */,
				047AA07D1DE6C146003C2167 /* AFURLResponseSerialization.h */,
				047AA07E1DE6C146003C2167 /* AFURLResponseSerialization.m */,
				047AA07F1DE6C146003C2167 /* AFURLSessionManager.h */,
				047AA0801DE6C146003C2167 /* AFURLSessionManager.m */,
			);
			path = AFNetworking;
			sourceTree = "<group>";
		};
/* End PBXGroup section */

/* Begin PBXNativeTarget section */
		047A9FE11DE6B91F003C2167 /* JFRscrollLbl */ = {
			isa = PBXNativeTarget;
			buildConfigurationList = 047AA00F1DE6B91F003C2167 /* Build configuration list for PBXNativeTarget "JFRscrollLbl" */;
			buildPhases = (
				047A9FDE1DE6B91F003C2167 /* Sources */,
				047A9FDF1DE6B91F003C2167 /* Frameworks */,
				047A9FE01DE6B91F003C2167 /* Resources */,
			);
			buildRules = (
			);
			dependencies = (
			);
			name = JFRscrollLbl;
			productName = JFRscrollLbl;
			productReference = 047A9FE21DE6B91F003C2167 /* JFRscrollLbl.app */;
			productType = "com.apple.product-type.application";
		};
		047A9FFA1DE6B91F003C2167 /* JFRscrollLblTests */ = {
			isa = PBXNativeTarget;
			buildConfigurationList = 047AA0121DE6B91F003C2167 /* Build configuration list for PBXNativeTarget "JFRscrollLblTests" */;
			buildPhases = (
				047A9FF71DE6B91F003C2167 /* Sources */,
				047A9FF81DE6B91F003C2167 /* Frameworks */,
				047A9FF91DE6B91F003C2167 /* Resources */,
			);
			buildRules = (
			);
			dependencies = (
				047A9FFD1DE6B91F003C2167 /* PBXTargetDependency */,
			);
			name = JFRscrollLblTests;
			productName = JFRscrollLblTests;
			productReference = 047A9FFB1DE6B91F003C2167 /* JFRscrollLblTests.xctest */;
			productType = "com.apple.product-type.bundle.unit-test";
		};
		047AA0051DE6B91F003C2167 /* JFRscrollLblUITests */ = {
			isa = PBXNativeTarget;
			buildConfigurationList = 047AA0151DE6B91F003C2167 /* Build configuration list for PBXNativeTarget "JFRscrollLblUITests" */;
			buildPhases = (
				047AA0021DE6B91F003C2167 /* Sources */,
				047AA0031DE6B91F003C2167 /* Frameworks */,
				047AA0041DE6B91F003C2167 /* Resources */,
			);
			buildRules = (
			);
			dependencies = (
				047AA0081DE6B91F003C2167 /* PBXTargetDependency */,
			);
			name = JFRscrollLblUITests;
			productName = JFRscrollLblUITests;
			productReference = 047AA0061DE6B91F003C2167 /* JFRscrollLblUITests.xctest */;
			productType = "com.apple.product-type.bundle.ui-testing";
		};
/* End PBXNativeTarget section */

/* Begin PBXProject section */
		047A9FDA1DE6B91F003C2167 /* Project object */ = {
			isa = PBXProject;
			attributes = {
				LastUpgradeCheck = 0800;
				ORGANIZATIONNAME = mac;
				TargetAttributes = {
					047A9FE11DE6B91F003C2167 = {
						CreatedOnToolsVersion = 8.0;
						ProvisioningStyle = Automatic;
					};
					047A9FFA1DE6B91F003C2167 = {
						CreatedOnToolsVersion = 8.0;
						ProvisioningStyle = Automatic;
						TestTargetID = 047A9FE11DE6B91F003C2167;
					};
					047AA0051DE6B91F003C2167 = {
						CreatedOnToolsVersion = 8.0;
						ProvisioningStyle = Automatic;
						TestTargetID = 047A9FE11DE6B91F003C2167;
					};
				};
			};
			buildConfigurationList = 047A9FDD1DE6B91F003C2167 /* Build configuration list for PBXProject "JFRscrollLbl" */;
			compatibilityVersion = "Xcode 3.2";
			developmentRegion = English;
			hasScannedForEncodings = 0;
			knownRegions = (
				en,
				Base,
			);
			mainGroup = 047A9FD91DE6B91F003C2167;
			productRefGroup = 047A9FE31DE6B91F003C2167 /* Products */;
			projectDirPath = "";
			projectRoot = "";
			targets = (
				047A9FE11DE6B91F003C2167 /* JFRscrollLbl */,
				047A9FFA1DE6B91F003C2167 /* JFRscrollLblTests */,
				047AA0051DE6B91F003C2167 /* JFRscrollLblUITests */,
			);
		};
/* End PBXProject section */

/* Begin PBXResourcesBuildPhase section */
		047A9FE01DE6B91F003C2167 /* Resources */ = {
			isa = PBXResourcesBuildPhase;
			buildActionMask = 2147483647;
			files = (
				047AA0361DE6B976003C2167 /* Info.plist in Resources */,
				047AA0921DE6C35A003C2167 /* VIP.png in Resources */,
				047A9FF51DE6B91F003C2167 /* LaunchScreen.storyboard in Resources */,
				047A9FF21DE6B91F003C2167 /* Assets.xcassets in Resources */,
				047A9FF01DE6B91F003C2167 /* Main.storyboard in Resources */,
			);
			runOnlyForDeploymentPostprocessing = 0;
		};
		047A9FF91DE6B91F003C2167 /* Resources */ = {
			isa = PBXResourcesBuildPhase;
			buildActionMask = 2147483647;
			files = (
			);
			runOnlyForDeploymentPostprocessing = 0;
		};
		047AA0041DE6B91F003C2167 /* Resources */ = {
			isa = PBXResourcesBuildPhase;
			buildActionMask = 2147483647;
			files = (
			);
			runOnlyForDeploymentPostprocessing = 0;
		};
/* End PBXResourcesBuildPhase section */

/* Begin PBXSourcesBuildPhase section */
		047A9FDE1DE6B91F003C2167 /* Sources */ = {
			isa = PBXSourcesBuildPhase;
			buildActionMask = 2147483647;
			files = (
				047AA0391DE6B976003C2167 /* MASConstraintMaker.m in Sources */,
				047A9FED1DE6B91F003C2167 /* ViewController.m in Sources */,
				047AA08F1DE6C146003C2167 /* KLInterfaceManager.m in Sources */,
				047AA01A1DE6B934003C2167 /* ScrollView.m in Sources */,
				047AA0381DE6B976003C2167 /* MASConstraint.m in Sources */,
				047AA08D1DE6C146003C2167 /* AFURLResponseSerialization.m in Sources */,
				047AA08B1DE6C146003C2167 /* AFURLConnectionOperation.m in Sources */,
				047AA0401DE6B976003C2167 /* ViewController+MASAdditions.m in Sources */,
				047AA03A1DE6B976003C2167 /* MASLayoutConstraint.m in Sources */,
				047AA0871DE6C146003C2167 /* AFHTTPRequestOperationManager.m in Sources */,
				047AA03D1DE6B976003C2167 /* NSArray+MASAdditions.m in Sources */,
				047AA08A1DE6C146003C2167 /* AFSecurityPolicy.m in Sources */,
				047AA03C1DE6B976003C2167 /* MASViewConstraint.m in Sources */,
				047AA03B1DE6B976003C2167 /* MASViewAttribute.m in Sources */,
				047AA08C1DE6C146003C2167 /* AFURLRequestSerialization.m in Sources */,
				047AA0891DE6C146003C2167 /* AFNetworkReachabilityManager.m in Sources */,
				047AA03F1DE6B976003C2167 /* View+MASAdditions.m in Sources */,
				047A9FEA1DE6B91F003C2167 /* AppDelegate.m in Sources */,
				047A9FE71DE6B91F003C2167 /* main.m in Sources */,
				047AA0901DE6C146003C2167 /* NetworkSingleton.m in Sources */,
				047AA0861DE6C146003C2167 /* AFHTTPRequestOperation.m in Sources */,
				047AA0371DE6B976003C2167 /* MASCompositeConstraint.m in Sources */,
				047AA0881DE6C146003C2167 /* AFHTTPSessionManager.m in Sources */,
				047AA03E1DE6B976003C2167 /* NSLayoutConstraint+MASDebugAdditions.m in Sources */,
				047AA08E1DE6C146003C2167 /* AFURLSessionManager.m in Sources */,
			);
			runOnlyForDeploymentPostprocessing = 0;
		};
		047A9FF71DE6B91F003C2167 /* Sources */ = {
			isa = PBXSourcesBuildPhase;
			buildActionMask = 2147483647;
			files = (
				047AA0001DE6B91F003C2167 /* JFRscrollLblTests.m in Sources */,
			);
			runOnlyForDeploymentPostprocessing = 0;
		};
		047AA0021DE6B91F003C2167 /* Sources */ = {
			isa = PBXSourcesBuildPhase;
			buildActionMask = 2147483647;
			files = (
				047AA00B1DE6B91F003C2167 /* JFRscrollLblUITests.m in Sources */,
			);
			runOnlyForDeploymentPostprocessing = 0;
		};
/* End PBXSourcesBuildPhase section */

/* Begin PBXTargetDependency section */
		047A9FFD1DE6B91F003C2167 /* PBXTargetDependency */ = {
			isa = PBXTargetDependency;
			target = 047A9FE11DE6B91F003C2167 /* JFRscrollLbl */;
			targetProxy = 047A9FFC1DE6B91F003C2167 /* PBXContainerItemProxy */;
		};
		047AA0081DE6B91F003C2167 /* PBXTargetDependency */ = {
			isa = PBXTargetDependency;
			target = 047A9FE11DE6B91F003C2167 /* JFRscrollLbl */;
			targetProxy = 047AA0071DE6B91F003C2167 /* PBXContainerItemProxy */;
		};
/* End PBXTargetDependency section */

/* Begin PBXVariantGroup section */
		047A9FEE1DE6B91F003C2167 /* Main.storyboard */ = {
			isa = PBXVariantGroup;
			children = (
				047A9FEF1DE6B91F003C2167 /* Base */,
			);
			name = Main.storyboard;
			sourceTree = "<group>";
		};
		047A9FF31DE6B91F003C2167 /* LaunchScreen.storyboard */ = {
			isa = PBXVariantGroup;
			children = (
				047A9FF41DE6B91F003C2167 /* Base */,
			);
			name = LaunchScreen.storyboard;
			sourceTree = "<group>";
		};
/* End PBXVariantGroup section */

/* Begin XCBuildConfiguration section */
		047AA00D1DE6B91F003C2167 /* Debug */ = {
			isa = XCBuildConfiguration;
			buildSettings = {
				ALWAYS_SEARCH_USER_PATHS = NO;
				CLANG_ANALYZER_NONNULL = YES;
				CLANG_CXX_LANGUAGE_STANDARD = "gnu++0x";
				CLANG_CXX_LIBRARY = "libc++";
				CLANG_ENABLE_MODULES = YES;
				CLANG_ENABLE_OBJC_ARC = YES;
				CLANG_WARN_BOOL_CONVERSION = YES;
				CLANG_WARN_CONSTANT_CONVERSION = YES;
				CLANG_WARN_DIRECT_OBJC_ISA_USAGE = YES_ERROR;
				CLANG_WARN_DOCUMENTATION_COMMENTS = YES;
				CLANG_WARN_EMPTY_BODY = YES;
				CLANG_WARN_ENUM_CONVERSION = YES;
				CLANG_WARN_INFINITE_RECURSION = YES;
				CLANG_WARN_INT_CONVERSION = YES;
				CLANG_WARN_OBJC_ROOT_CLASS = YES_ERROR;
				CLANG_WARN_SUSPICIOUS_MOVES = YES;
				CLANG_WARN_UNREACHABLE_CODE = YES;
				CLANG_WARN__DUPLICATE_METHOD_MATCH = YES;
				"CODE_SIGN_IDENTITY[sdk=iphoneos*]" = "iPhone Developer";
				COPY_PHASE_STRIP = NO;
				DEBUG_INFORMATION_FORMAT = dwarf;
				ENABLE_STRICT_OBJC_MSGSEND = YES;
				ENABLE_TESTABILITY = YES;
				GCC_C_LANGUAGE_STANDARD = gnu99;
				GCC_DYNAMIC_NO_PIC = NO;
				GCC_NO_COMMON_BLOCKS = YES;
				GCC_OPTIMIZATION_LEVEL = 0;
				GCC_PREPROCESSOR_DEFINITIONS = (
					"DEBUG=1",
					"$(inherited)",
				);
				GCC_WARN_64_TO_32_BIT_CONVERSION = YES;
				GCC_WARN_ABOUT_RETURN_TYPE = YES_ERROR;
				GCC_WARN_UNDECLARED_SELECTOR = YES;
				GCC_WARN_UNINITIALIZED_AUTOS = YES_AGGRESSIVE;
				GCC_WARN_UNUSED_FUNCTION = YES;
				GCC_WARN_UNUSED_VARIABLE = YES;
				IPHONEOS_DEPLOYMENT_TARGET = 10.0;
				MTL_ENABLE_DEBUG_INFO = YES;
				ONLY_ACTIVE_ARCH = YES;
				SDKROOT = iphoneos;
				TARGETED_DEVICE_FAMILY = "1,2";
			};
			name = Debug;
		};
		047AA00E1DE6B91F003C2167 /* Release */ = {
			isa = XCBuildConfiguration;
			buildSettings = {
				ALWAYS_SEARCH_USER_PATHS = NO;
				CLANG_ANALYZER_NONNULL = YES;
				CLANG_CXX_LANGUAGE_STANDARD = "gnu++0x";
				CLANG_CXX_LIBRARY = "libc++";
				CLANG_ENABLE_MODULES = YES;
				CLANG_ENABLE_OBJC_ARC = YES;
				CLANG_WARN_BOOL_CONVERSION = YES;
				CLANG_WARN_CONSTANT_CONVERSION = YES;
				CLANG_WARN_DIRECT_OBJC_ISA_USAGE = YES_ERROR;
				CLANG_WARN_DOCUMENTATION_COMMENTS = YES;
				CLANG_WARN_EMPTY_BODY = YES;
				CLANG_WARN_ENUM_CONVERSION = YES;
				CLANG_WARN_INFINITE_RECURSION = YES;
				CLANG_WARN_INT_CONVERSION = YES;
				CLANG_WARN_OBJC_ROOT_CLASS = YES_ERROR;
				CLANG_WARN_SUSPICIOUS_MOVES = YES;
				CLANG_WARN_UNREACHABLE_CODE = YES;
				CLANG_WARN__DUPLICATE_METHOD_MATCH = YES;
				"CODE_SIGN_IDENTITY[sdk=iphoneos*]" = "iPhone Developer";
				COPY_PHASE_STRIP = NO;
				DEBUG_INFORMATION_FORMAT = "dwarf-with-dsym";
				ENABLE_NS_ASSERTIONS = NO;
				ENABLE_STRICT_OBJC_MSGSEND = YES;
				GCC_C_LANGUAGE_STANDARD = gnu99;
				GCC_NO_COMMON_BLOCKS = YES;
				GCC_WARN_64_TO_32_BIT_CONVERSION = YES;
				GCC_WARN_ABOUT_RETURN_TYPE = YES_ERROR;
				GCC_WARN_UNDECLARED_SELECTOR = YES;
				GCC_WARN_UNINITIALIZED_AUTOS = YES_AGGRESSIVE;
				GCC_WARN_UNUSED_FUNCTION = YES;
				GCC_WARN_UNUSED_VARIABLE = YES;
				IPHONEOS_DEPLOYMENT_TARGET = 10.0;
				MTL_ENABLE_DEBUG_INFO = NO;
				SDKROOT = iphoneos;
				TARGETED_DEVICE_FAMILY = "1,2";
				VALIDATE_PRODUCT = YES;
			};
			name = Release;
		};
		047AA0101DE6B91F003C2167 /* Debug */ = {
			isa = XCBuildConfiguration;
			buildSettings = {
				ASSETCATALOG_COMPILER_APPICON_NAME = AppIcon;
				INFOPLIST_FILE = JFRscrollLbl/Info.plist;
				LD_RUNPATH_SEARCH_PATHS = "$(inherited) @executable_path/Frameworks";
				PRODUCT_BUNDLE_IDENTIFIER = jfr.com.JFRscrollLbl;
				PRODUCT_NAME = "$(TARGET_NAME)";
			};
			name = Debug;
		};
		047AA0111DE6B91F003C2167 /* Release */ = {
			isa = XCBuildConfiguration;
			buildSettings = {
				ASSETCATALOG_COMPILER_APPICON_NAME = AppIcon;
				INFOPLIST_FILE = JFRscrollLbl/Info.plist;
				LD_RUNPATH_SEARCH_PATHS = "$(inherited) @executable_path/Frameworks";
				PRODUCT_BUNDLE_IDENTIFIER = jfr.com.JFRscrollLbl;
				PRODUCT_NAME = "$(TARGET_NAME)";
			};
			name = Release;
		};
		047AA0131DE6B91F003C2167 /* Debug */ = {
			isa = XCBuildConfiguration;
			buildSettings = {
				BUNDLE_LOADER = "$(TEST_HOST)";
				INFOPLIST_FILE = JFRscrollLblTests/Info.plist;
				LD_RUNPATH_SEARCH_PATHS = "$(inherited) @executable_path/Frameworks @loader_path/Frameworks";
				PRODUCT_BUNDLE_IDENTIFIER = jfr.com.JFRscrollLblTests;
				PRODUCT_NAME = "$(TARGET_NAME)";
				TEST_HOST = "$(BUILT_PRODUCTS_DIR)/JFRscrollLbl.app/JFRscrollLbl";
			};
			name = Debug;
		};
		047AA0141DE6B91F003C2167 /* Release */ = {
			isa = XCBuildConfiguration;
			buildSettings = {
				BUNDLE_LOADER = "$(TEST_HOST)";
				INFOPLIST_FILE = JFRscrollLblTests/Info.plist;
				LD_RUNPATH_SEARCH_PATHS = "$(inherited) @executable_path/Frameworks @loader_path/Frameworks";
				PRODUCT_BUNDLE_IDENTIFIER = jfr.com.JFRscrollLblTests;
				PRODUCT_NAME = "$(TARGET_NAME)";
				TEST_HOST = "$(BUILT_PRODUCTS_DIR)/JFRscrollLbl.app/JFRscrollLbl";
			};
			name = Release;
		};
		047AA0161DE6B91F003C2167 /* Debug */ = {
			isa = XCBuildConfiguration;
			buildSettings = {
				INFOPLIST_FILE = JFRscrollLblUITests/Info.plist;
				LD_RUNPATH_SEARCH_PATHS = "$(inherited) @executable_path/Frameworks @loader_path/Frameworks";
				PRODUCT_BUNDLE_IDENTIFIER = jfr.com.JFRscrollLblUITests;
				PRODUCT_NAME = "$(TARGET_NAME)";
				TEST_TARGET_NAME = JFRscrollLbl;
			};
			name = Debug;
		};
		047AA0171DE6B91F003C2167 /* Release */ = {
			isa = XCBuildConfiguration;
			buildSettings = {
				INFOPLIST_FILE = JFRscrollLblUITests/Info.plist;
				LD_RUNPATH_SEARCH_PATHS = "$(inherited) @executable_path/Frameworks @loader_path/Frameworks";
				PRODUCT_BUNDLE_IDENTIFIER = jfr.com.JFRscrollLblUITests;
				PRODUCT_NAME = "$(TARGET_NAME)";
				TEST_TARGET_NAME = JFRscrollLbl;
			};
			name = Release;
		};
/* End XCBuildConfiguration section */

/* Begin XCConfigurationList section */
		047A9FDD1DE6B91F003C2167 /* Build configuration list for PBXProject "JFRscrollLbl" */ = {
			isa = XCConfigurationList;
			buildConfigurations = (
				047AA00D1DE6B91F003C2167 /* Debug */,
				047AA00E1DE6B91F003C2167 /* Release */,
			);
			defaultConfigurationIsVisible = 0;
			defaultConfigurationName = Release;
		};
		047AA00F1DE6B91F003C2167 /* Build configuration list for PBXNativeTarget "JFRscrollLbl" */ = {
			isa = XCConfigurationList;
			buildConfigurations = (
				047AA0101DE6B91F003C2167 /* Debug */,
				047AA0111DE6B91F003C2167 /* Release */,
			);
			defaultConfigurationIsVisible = 0;
		};
		047AA0121DE6B91F003C2167 /* Build configuration list for PBXNativeTarget "JFRscrollLblTests" */ = {
			isa = XCConfigurationList;
			buildConfigurations = (
				047AA0131DE6B91F003C2167 /* Debug */,
				047AA0141DE6B91F003C2167 /* Release */,
			);
			defaultConfigurationIsVisible = 0;
		};
		047AA0151DE6B91F003C2167 /* Build configuration list for PBXNativeTarget "JFRscrollLblUITests" */ = {
			isa = XCConfigurationList;
			buildConfigurations = (
				047AA0161DE6B91F003C2167 /* Debug */,
				047AA0171DE6B91F003C2167 /* Release */,
			);
			defaultConfigurationIsVisible = 0;
		};
/* End XCConfigurationList section */
	};
	rootObject = 047A9FDA1DE6B91F003C2167 /* Project object */;
}
